
Microsoft Visual Studio Solution File, Format Version 12.00
# Visual Studio Version 17
VisualStudioVersion = 17.14.36623.8
MinimumVisualStudioVersion = 10.0.40219.1
Project("{54A90642-561A-4BB1-A94E-469ADEE60C69}") = "ProductCatalog.client", "productcatalog.client\ProductCatalog.client.esproj", "{D4B11EA2-4A62-3A66-C8E1-34DBF8514D21}"
EndProject
Project("{FAE04EC0-301F-11D3-BF4B-00C04F79EFBC}") = "ProductCatalog.Server", "ProductCatalog.Server\ProductCatalog.Server.csproj", "{4579D39B-8C53-4EEC-A250-82DC14688FD4}"
EndProject
Global
	GlobalSection(SolutionConfigurationPlatforms) = preSolution
		Debug|Any CPU = Debug|Any CPU
		Release|Any CPU = Release|Any CPU
	EndGlobalSection
	GlobalSection(ProjectConfigurationPlatforms) = postSolution
		{D4B11EA2-4A62-3A66-C8E1-34DBF8514D21}.Debug|Any CPU.ActiveCfg = Debug|Any CPU
		{D4B11EA2-4A62-3A66-C8E1-34DBF8514D21}.Debug|Any CPU.Build.0 = Debug|Any CPU
		{D4B11EA2-4A62-3A66-C8E1-34DBF8514D21}.Debug|Any CPU.Deploy.0 = Debug|Any CPU
		{D4B11EA2-4A62-3A66-C8E1-34DBF8514D21}.Release|Any CPU.ActiveCfg = Release|Any CPU
		{D4B11EA2-4A62-3A66-C8E1-34DBF8514D21}.Release|Any CPU.Build.0 = Release|Any CPU
		{D4B11EA2-4A62-3A66-C8E1-34DBF8514D21}.Release|Any CPU.Deploy.0 = Release|Any CPU
		{4579D39B-8C53-4EEC-A250-82DC14688FD4}.Debug|Any CPU.ActiveCfg = Debug|Any CPU
		{4579D39B-8C53-4EEC-A250-82DC14688FD4}.Debug|Any CPU.Build.0 = Debug|Any CPU
		{4579D39B-8C53-4EEC-A250-82DC14688FD4}.Release|Any CPU.ActiveCfg = Release|Any CPU
		{4579D39B-8C53-4EEC-A250-82DC14688FD4}.Release|Any CPU.Build.0 = Release|Any CPU
	EndGlobalSection
	GlobalSection(SolutionProperties) = preSolution
		HideSolutionNode = FALSE
	EndGlobalSection
	GlobalSection(ExtensibilityGlobals) = postSolution
		SolutionGuid = {0B21A6E5-0DA5-495E-AC84-1C37F402BE19}
	EndGlobalSection
EndGlobal
